
Microsoft Visual Studio Solution File, Format Version 12.00
# Visual Studio Version 16
VisualStudioVersion = 16.0.32228.343
MinimumVisualStudioVersion = 10.0.40219.1
Project("{FAE04EC0-301F-11D3-BF4B-00C04F79EFBC}") = "Introducao", "Introducao\Introducao.csproj", "{6E49A5AC-9344-4425-9FF2-F307F6520B01}"
EndProject
Global
	GlobalSection(SolutionConfigurationPlatforms) = preSolution
		Debug|Any CPU = Debug|Any CPU
		Release|Any CPU = Release|Any CPU
	EndGlobalSection
	GlobalSection(ProjectConfigurationPlatforms) = postSolution
		{6E49A5AC-9344-4425-9FF2-F307F6520B01}.Debug|Any CPU.ActiveCfg = Debug|Any CPU
		{6E49A5AC-9344-4425-9FF2-F307F6520B01}.Debug|Any CPU.Build.0 = Debug|Any CPU
		{6E49A5AC-9344-4425-9FF2-F307F6520B01}.Release|Any CPU.ActiveCfg = Release|Any CPU
		{6E49A5AC-9344-4425-9FF2-F307F6520B01}.Release|Any CPU.Build.0 = Release|Any CPU
	EndGlobalSection
	GlobalSection(SolutionProperties) = preSolution
		HideSolutionNode = FALSE
	EndGlobalSection
	GlobalSection(ExtensibilityGlobals) = postSolution
		SolutionGuid = {7983FE1C-E3D7-418D-9174-50B56C4A7064}
	EndGlobalSection
EndGlobal
